// !$*UTF8*$!
{
	archiveVersion = 1;
	classes = {
	};
	objectVersion = 55;
	objects = {

/* Begin PBXBuildFile section */
		270B0074293B7FF500E5EC34 /* StocksTests.swift in Sources */ = {isa = PBXBuildFile; fileRef = 270B0073293B7FF500E5EC34 /* StocksTests.swift */; };
		2734D0A52934FBCA0086FAA6 /* MarketDataResponse.swift in Sources */ = {isa = PBXBuildFile; fileRef = 2734D0A42934FBCA0086FAA6 /* MarketDataResponse.swift */; };
		2734D0A7293512D40086FAA6 /* WatchListTableViewCell.swift in Sources */ = {isa = PBXBuildFile; fileRef = 2734D0A6293512D40086FAA6 /* WatchListTableViewCell.swift */; };
		2734D0A92935143B0086FAA6 /* StockChartView.swift in Sources */ = {isa = PBXBuildFile; fileRef = 2734D0A82935143B0086FAA6 /* StockChartView.swift */; };
		273E49C02938C8ED009600DB /* FinancialMetricsResponse.swift in Sources */ = {isa = PBXBuildFile; fileRef = 273E49BF2938C8ED009600DB /* FinancialMetricsResponse.swift */; };
		273E49C22938CBD2009600DB /* StockDetailHeaderView.swift in Sources */ = {isa = PBXBuildFile; fileRef = 273E49C12938CBD2009600DB /* StockDetailHeaderView.swift */; };
		273E49C42938D775009600DB /* MetricCollectionViewCell.swift in Sources */ = {isa = PBXBuildFile; fileRef = 273E49C32938D775009600DB /* MetricCollectionViewCell.swift */; };
		27405B5C292FA4B8008ED4A9 /* NewsHeaderView.swift in Sources */ = {isa = PBXBuildFile; fileRef = 27405B5B292FA4B8008ED4A9 /* NewsHeaderView.swift */; };
		27405B5E292FBB26008ED4A9 /* NewsStory.swift in Sources */ = {isa = PBXBuildFile; fileRef = 27405B5D292FBB26008ED4A9 /* NewsStory.swift */; };
		2741E22C2923E7F700E807BA /* Extensions.swift in Sources */ = {isa = PBXBuildFile; fileRef = 2741E22B2923E7F700E807BA /* Extensions.swift */; };
		27545CEC293259FA00C4F41C /* NewsStoryTableViewCell.swift in Sources */ = {isa = PBXBuildFile; fileRef = 27545CEB293259FA00C4F41C /* NewsStoryTableViewCell.swift */; };
		2769C7D9292E3DF4001E340F /* SearchResponse.swift in Sources */ = {isa = PBXBuildFile; fileRef = 2769C7D8292E3DF4001E340F /* SearchResponse.swift */; };
		2785C292292906C400BB4287 /* SearchResultTableViewCell.swift in Sources */ = {isa = PBXBuildFile; fileRef = 2785C291292906C400BB4287 /* SearchResultTableViewCell.swift */; };
		27A4DD10291E611900A0311B /* AppDelegate.swift in Sources */ = {isa = PBXBuildFile; fileRef = 27A4DD0F291E611900A0311B /* AppDelegate.swift */; };
		27A4DD12291E611900A0311B /* SceneDelegate.swift in Sources */ = {isa = PBXBuildFile; fileRef = 27A4DD11291E611900A0311B /* SceneDelegate.swift */; };
		27A4DD14291E611900A0311B /* WatchListViewController.swift in Sources */ = {isa = PBXBuildFile; fileRef = 27A4DD13291E611900A0311B /* WatchListViewController.swift */; };
		27A4DD19291E611B00A0311B /* Assets.xcassets in Resources */ = {isa = PBXBuildFile; fileRef = 27A4DD18291E611B00A0311B /* Assets.xcassets */; };
		27A4DD1C291E611B00A0311B /* LaunchScreen.storyboard in Resources */ = {isa = PBXBuildFile; fileRef = 27A4DD1A291E611B00A0311B /* LaunchScreen.storyboard */; };
		27A4DD29291E620000A0311B /* NewsViewController.swift in Sources */ = {isa = PBXBuildFile; fileRef = 27A4DD28291E620000A0311B /* NewsViewController.swift */; };
		27A4DD2B291E620E00A0311B /* SearchResultsViewController.swift in Sources */ = {isa = PBXBuildFile; fileRef = 27A4DD2A291E620E00A0311B /* SearchResultsViewController.swift */; };
		27A4DD2E291E622100A0311B /* StockDetailsViewController.swift in Sources */ = {isa = PBXBuildFile; fileRef = 27A4DD2D291E622100A0311B /* StockDetailsViewController.swift */; };
		27A4DD30291E6C9900A0311B /* APICaller.swift in Sources */ = {isa = PBXBuildFile; fileRef = 27A4DD2F291E6C9900A0311B /* APICaller.swift */; };
		27A4DD32291E6CB000A0311B /* PersistenceManager.swift in Sources */ = {isa = PBXBuildFile; fileRef = 27A4DD31291E6CB000A0311B /* PersistenceManager.swift */; };
		27A4DD34291E6CC000A0311B /* HapticsManager.swift in Sources */ = {isa = PBXBuildFile; fileRef = 27A4DD33291E6CC000A0311B /* HapticsManager.swift */; };
		FED599CF6526FA561892B7A9 /* Pods_Stocks.framework in Frameworks */ = {isa = PBXBuildFile; fileRef = 7716ECFAE50BCF79CECEFB95 /* Pods_Stocks.framework */; };
/* End PBXBuildFile section */

/* Begin PBXContainerItemProxy section */
		270B0075293B7FF500E5EC34 /* PBXContainerItemProxy */ = {
			isa = PBXContainerItemProxy;
			containerPortal = 27A4DD04291E611900A0311B /* Project object */;
			proxyType = 1;
			remoteGlobalIDString = 27A4DD0B291E611900A0311B;
			remoteInfo = Stocks;
		};
/* End PBXContainerItemProxy section */

/* Begin PBXFileReference section */
		270B0071293B7FF500E5EC34 /* StocksTests.xctest */ = {isa = PBXFileReference; explicitFileType = wrapper.cfbundle; includeInIndex = 0; path = StocksTests.xctest; sourceTree = BUILT_PRODUCTS_DIR; };
		270B0073293B7FF500E5EC34 /* StocksTests.swift */ = {isa = PBXFileReference; lastKnownFileType = sourcecode.swift; path = StocksTests.swift; sourceTree = "<group>"; };
		2734D0A42934FBCA0086FAA6 /* MarketDataResponse.swift */ = {isa = PBXFileReference; lastKnownFileType = sourcecode.swift; path = MarketDataResponse.swift; sourceTree = "<group>"; };
		2734D0A6293512D40086FAA6 /* WatchListTableViewCell.swift */ = {isa = PBXFileReference; lastKnownFileType = sourcecode.swift; path = WatchListTableViewCell.swift; sourceTree = "<group>"; };
		2734D0A82935143B0086FAA6 /* StockChartView.swift */ = {isa = PBXFileReference; lastKnownFileType = sourcecode.swift; path = StockChartView.swift; sourceTree = "<group>"; };
		273E49BF2938C8ED009600DB /* FinancialMetricsResponse.swift */ = {isa = PBXFileReference; lastKnownFileType = sourcecode.swift; path = FinancialMetricsResponse.swift; sourceTree = "<group>"; };
		273E49C12938CBD2009600DB /* StockDetailHeaderView.swift */ = {isa = PBXFileReference; lastKnownFileType = sourcecode.swift; path = StockDetailHeaderView.swift; sourceTree = "<group>"; };
		273E49C32938D775009600DB /* MetricCollectionViewCell.swift */ = {isa = PBXFileReference; lastKnownFileType = sourcecode.swift; path = MetricCollectionViewCell.swift; sourceTree = "<group>"; };
		27405B5B292FA4B8008ED4A9 /* NewsHeaderView.swift */ = {isa = PBXFileReference; lastKnownFileType = sourcecode.swift; path = NewsHeaderView.swift; sourceTree = "<group>"; };
		27405B5D292FBB26008ED4A9 /* NewsStory.swift */ = {isa = PBXFileReference; lastKnownFileType = sourcecode.swift; path = NewsStory.swift; sourceTree = "<group>"; };
		2741E22B2923E7F700E807BA /* Extensions.swift */ = {isa = PBXFileReference; lastKnownFileType = sourcecode.swift; path = Extensions.swift; sourceTree = "<group>"; };
		27545CEB293259FA00C4F41C /* NewsStoryTableViewCell.swift */ = {isa = PBXFileReference; lastKnownFileType = sourcecode.swift; path = NewsStoryTableViewCell.swift; sourceTree = "<group>"; };
		2769C7D8292E3DF4001E340F /* SearchResponse.swift */ = {isa = PBXFileReference; lastKnownFileType = sourcecode.swift; path = SearchResponse.swift; sourceTree = "<group>"; };
		2785C291292906C400BB4287 /* SearchResultTableViewCell.swift */ = {isa = PBXFileReference; lastKnownFileType = sourcecode.swift; path = SearchResultTableViewCell.swift; sourceTree = "<group>"; };
		27A4DD0C291E611900A0311B /* Stocks.app */ = {isa = PBXFileReference; explicitFileType = wrapper.application; includeInIndex = 0; path = Stocks.app; sourceTree = BUILT_PRODUCTS_DIR; };
		27A4DD0F291E611900A0311B /* AppDelegate.swift */ = {isa = PBXFileReference; lastKnownFileType = sourcecode.swift; path = AppDelegate.swift; sourceTree = "<group>"; };
		27A4DD11291E611900A0311B /* SceneDelegate.swift */ = {isa = PBXFileReference; lastKnownFileType = sourcecode.swift; path = SceneDelegate.swift; sourceTree = "<group>"; };
		27A4DD13291E611900A0311B /* WatchListViewController.swift */ = {isa = PBXFileReference; lastKnownFileType = sourcecode.swift; path = WatchListViewController.swift; sourceTree = "<group>"; };
		27A4DD18291E611B00A0311B /* Assets.xcassets */ = {isa = PBXFileReference; lastKnownFileType = folder.assetcatalog; path = Assets.xcassets; sourceTree = "<group>"; };
		27A4DD1B291E611B00A0311B /* Base */ = {isa = PBXFileReference; lastKnownFileType = file.storyboard; name = Base; path = Base.lproj/LaunchScreen.storyboard; sourceTree = "<group>"; };
		27A4DD1D291E611B00A0311B /* Info.plist */ = {isa = PBXFileReference; lastKnownFileType = text.plist.xml; path = Info.plist; sourceTree = "<group>"; };
		27A4DD28291E620000A0311B /* NewsViewController.swift */ = {isa = PBXFileReference; lastKnownFileType = sourcecode.swift; path = NewsViewController.swift; sourceTree = "<group>"; };
		27A4DD2A291E620E00A0311B /* SearchResultsViewController.swift */ = {isa = PBXFileReference; lastKnownFileType = sourcecode.swift; path = SearchResultsViewController.swift; sourceTree = "<group>"; };
		27A4DD2D291E622100A0311B /* StockDetailsViewController.swift */ = {isa = PBXFileReference; lastKnownFileType = sourcecode.swift; path = StockDetailsViewController.swift; sourceTree = "<group>"; };
		27A4DD2F291E6C9900A0311B /* APICaller.swift */ = {isa = PBXFileReference; lastKnownFileType = sourcecode.swift; path = APICaller.swift; sourceTree = "<group>"; };
		27A4DD31291E6CB000A0311B /* PersistenceManager.swift */ = {isa = PBXFileReference; lastKnownFileType = sourcecode.swift; path = PersistenceManager.swift; sourceTree = "<group>"; };
		27A4DD33291E6CC000A0311B /* HapticsManager.swift */ = {isa = PBXFileReference; lastKnownFileType = sourcecode.swift; path = HapticsManager.swift; sourceTree = "<group>"; };
		4D571869F89870B88D8EBD63 /* Pods-Stocks.debug.xcconfig */ = {isa = PBXFileReference; includeInIndex = 1; lastKnownFileType = text.xcconfig; name = "Pods-Stocks.debug.xcconfig"; path = "Target Support Files/Pods-Stocks/Pods-Stocks.debug.xcconfig"; sourceTree = "<group>"; };
		7716ECFAE50BCF79CECEFB95 /* Pods_Stocks.framework */ = {isa = PBXFileReference; explicitFileType = wrapper.framework; includeInIndex = 0; path = Pods_Stocks.framework; sourceTree = BUILT_PRODUCTS_DIR; };
		935998CA29584D57A22CF926 /* Pods-Stocks.release.xcconfig */ = {isa = PBXFileReference; includeInIndex = 1; lastKnownFileType = text.xcconfig; name = "Pods-Stocks.release.xcconfig"; path = "Target Support Files/Pods-Stocks/Pods-Stocks.release.xcconfig"; sourceTree = "<group>"; };
/* End PBXFileReference section */

/* Begin PBXFrameworksBuildPhase section */
		270B006E293B7FF500E5EC34 /* Frameworks */ = {
			isa = PBXFrameworksBuildPhase;
			buildActionMask = 2147483647;
			files = (
			);
			runOnlyForDeploymentPostprocessing = 0;
		};
		27A4DD09291E611900A0311B /* Frameworks */ = {
			isa = PBXFrameworksBuildPhase;
			buildActionMask = 2147483647;
			files = (
				FED599CF6526FA561892B7A9 /* Pods_Stocks.framework in Frameworks */,
			);
			runOnlyForDeploymentPostprocessing = 0;
		};
/* End PBXFrameworksBuildPhase section */

/* Begin PBXGroup section */
		09B38C05F5FF07524382A44A /* Pods */ = {
			isa = PBXGroup;
			children = (
				4D571869F89870B88D8EBD63 /* Pods-Stocks.debug.xcconfig */,
				935998CA29584D57A22CF926 /* Pods-Stocks.release.xcconfig */,
			);
			path = Pods;
			sourceTree = "<group>";
		};
		270B0072293B7FF500E5EC34 /* StocksTests */ = {
			isa = PBXGroup;
			children = (
				270B0073293B7FF500E5EC34 /* StocksTests.swift */,
			);
			path = StocksTests;
			sourceTree = "<group>";
		};
		27A4DD03291E611900A0311B = {
			isa = PBXGroup;
			children = (
				27A4DD0E291E611900A0311B /* Stocks */,
				270B0072293B7FF500E5EC34 /* StocksTests */,
				27A4DD0D291E611900A0311B /* Products */,
				09B38C05F5FF07524382A44A /* Pods */,
				945042104386B37207E859C6 /* Frameworks */,
			);
			sourceTree = "<group>";
		};
		27A4DD0D291E611900A0311B /* Products */ = {
			isa = PBXGroup;
			children = (
				27A4DD0C291E611900A0311B /* Stocks.app */,
				270B0071293B7FF500E5EC34 /* StocksTests.xctest */,
			);
			name = Products;
			sourceTree = "<group>";
		};
		27A4DD0E291E611900A0311B /* Stocks */ = {
			isa = PBXGroup;
			children = (
				27A4DD27291E617400A0311B /* Other */,
				27A4DD26291E615E00A0311B /* Managers */,
				27A4DD25291E615900A0311B /* Controllers */,
				27A4DD24291E615500A0311B /* Views */,
				27A4DD23291E614900A0311B /* Models */,
				27A4DD1D291E611B00A0311B /* Info.plist */,
			);
			path = Stocks;
			sourceTree = "<group>";
		};
		27A4DD23291E614900A0311B /* Models */ = {
			isa = PBXGroup;
			children = (
				2769C7D8292E3DF4001E340F /* SearchResponse.swift */,
				27405B5D292FBB26008ED4A9 /* NewsStory.swift */,
				2734D0A42934FBCA0086FAA6 /* MarketDataResponse.swift */,
				273E49BF2938C8ED009600DB /* FinancialMetricsResponse.swift */,
			);
			path = Models;
			sourceTree = "<group>";
		};
		27A4DD24291E615500A0311B /* Views */ = {
			isa = PBXGroup;
			children = (
				27A4DD1A291E611B00A0311B /* LaunchScreen.storyboard */,
				2785C291292906C400BB4287 /* SearchResultTableViewCell.swift */,
				27405B5B292FA4B8008ED4A9 /* NewsHeaderView.swift */,
				27545CEB293259FA00C4F41C /* NewsStoryTableViewCell.swift */,
				2734D0A6293512D40086FAA6 /* WatchListTableViewCell.swift */,
				2734D0A82935143B0086FAA6 /* StockChartView.swift */,
				273E49C12938CBD2009600DB /* StockDetailHeaderView.swift */,
				273E49C32938D775009600DB /* MetricCollectionViewCell.swift */,
			);
			path = Views;
			sourceTree = "<group>";
		};
		27A4DD25291E615900A0311B /* Controllers */ = {
			isa = PBXGroup;
			children = (
				27A4DD13291E611900A0311B /* WatchListViewController.swift */,
				27A4DD28291E620000A0311B /* NewsViewController.swift */,
				27A4DD2A291E620E00A0311B /* SearchResultsViewController.swift */,
				27A4DD2D291E622100A0311B /* StockDetailsViewController.swift */,
			);
			path = Controllers;
			sourceTree = "<group>";
		};
		27A4DD26291E615E00A0311B /* Managers */ = {
			isa = PBXGroup;
			children = (
				27A4DD2F291E6C9900A0311B /* APICaller.swift */,
				27A4DD31291E6CB000A0311B /* PersistenceManager.swift */,
				27A4DD33291E6CC000A0311B /* HapticsManager.swift */,
			);
			path = Managers;
			sourceTree = "<group>";
		};
		27A4DD27291E617400A0311B /* Other */ = {
			isa = PBXGroup;
			children = (
				27A4DD18291E611B00A0311B /* Assets.xcassets */,
				27A4DD0F291E611900A0311B /* AppDelegate.swift */,
				27A4DD11291E611900A0311B /* SceneDelegate.swift */,
				2741E22B2923E7F700E807BA /* Extensions.swift */,
			);
			path = Other;
			sourceTree = "<group>";
		};
		945042104386B37207E859C6 /* Frameworks */ = {
			isa = PBXGroup;
			children = (
				7716ECFAE50BCF79CECEFB95 /* Pods_Stocks.framework */,
			);
			name = Frameworks;
			sourceTree = "<group>";
		};
/* End PBXGroup section */

/* Begin PBXNativeTarget section */
		270B0070293B7FF500E5EC34 /* StocksTests */ = {
			isa = PBXNativeTarget;
			buildConfigurationList = 270B0079293B7FF500E5EC34 /* Build configuration list for PBXNativeTarget "StocksTests" */;
			buildPhases = (
				270B006D293B7FF500E5EC34 /* Sources */,
				270B006E293B7FF500E5EC34 /* Frameworks */,
				270B006F293B7FF500E5EC34 /* Resources */,
			);
			buildRules = (
			);
			dependencies = (
				270B0076293B7FF500E5EC34 /* PBXTargetDependency */,
			);
			name = StocksTests;
			productName = StocksTests;
			productReference = 270B0071293B7FF500E5EC34 /* StocksTests.xctest */;
			productType = "com.apple.product-type.bundle.unit-test";
		};
		27A4DD0B291E611900A0311B /* Stocks */ = {
			isa = PBXNativeTarget;
			buildConfigurationList = 27A4DD20291E611B00A0311B /* Build configuration list for PBXNativeTarget "Stocks" */;
			buildPhases = (
				93BDCDA9B48A1ECF74A86F01 /* [CP] Check Pods Manifest.lock */,
				27A4DD08291E611900A0311B /* Sources */,
				27A4DD09291E611900A0311B /* Frameworks */,
				27A4DD0A291E611900A0311B /* Resources */,
				274A2B17083E6C9AEAB7EF7F /* [CP] Embed Pods Frameworks */,
			);
			buildRules = (
			);
			dependencies = (
			);
			name = Stocks;
			productName = Stocks;
			productReference = 27A4DD0C291E611900A0311B /* Stocks.app */;
			productType = "com.apple.product-type.application";
		};
/* End PBXNativeTarget section */

/* Begin PBXProject section */
		27A4DD04291E611900A0311B /* Project object */ = {
			isa = PBXProject;
			attributes = {
				BuildIndependentTargetsInParallel = 1;
				LastSwiftUpdateCheck = 1340;
				LastUpgradeCheck = 1340;
				TargetAttributes = {
					270B0070293B7FF500E5EC34 = {
						CreatedOnToolsVersion = 13.4.1;
						TestTargetID = 27A4DD0B291E611900A0311B;
					};
					27A4DD0B291E611900A0311B = {
						CreatedOnToolsVersion = 13.4.1;
					};
				};
			};
			buildConfigurationList = 27A4DD07291E611900A0311B /* Build configuration list for PBXProject "Stocks" */;
			compatibilityVersion = "Xcode 13.0";
			developmentRegion = en;
			hasScannedForEncodings = 0;
			knownRegions = (
				en,
				Base,
			);
			mainGroup = 27A4DD03291E611900A0311B;
			productRefGroup = 27A4DD0D291E611900A0311B /* Products */;
			projectDirPath = "";
			projectRoot = "";
			targets = (
				27A4DD0B291E611900A0311B /* Stocks */,
				270B0070293B7FF500E5EC34 /* StocksTests */,
			);
		};
/* End PBXProject section */

/* Begin PBXResourcesBuildPhase section */
		270B006F293B7FF500E5EC34 /* Resources */ = {
			isa = PBXResourcesBuildPhase;
			buildActionMask = 2147483647;
			files = (
			);
			runOnlyForDeploymentPostprocessing = 0;
		};
		27A4DD0A291E611900A0311B /* Resources */ = {
			isa = PBXResourcesBuildPhase;
			buildActionMask = 2147483647;
			files = (
				27A4DD1C291E611B00A0311B /* LaunchScreen.storyboard in Resources */,
				27A4DD19291E611B00A0311B /* Assets.xcassets in Resources */,
			);
			runOnlyForDeploymentPostprocessing = 0;
		};
/* End PBXResourcesBuildPhase section */

/* Begin PBXShellScriptBuildPhase section */
		274A2B17083E6C9AEAB7EF7F /* [CP] Embed Pods Frameworks */ = {
			isa = PBXShellScriptBuildPhase;
			buildActionMask = 2147483647;
			files = (
			);
			inputFileListPaths = (
				"${PODS_ROOT}/Target Support Files/Pods-Stocks/Pods-Stocks-frameworks-${CONFIGURATION}-input-files.xcfilelist",
			);
			name = "[CP] Embed Pods Frameworks";
			outputFileListPaths = (
				"${PODS_ROOT}/Target Support Files/Pods-Stocks/Pods-Stocks-frameworks-${CONFIGURATION}-output-files.xcfilelist",
			);
			runOnlyForDeploymentPostprocessing = 0;
			shellPath = /bin/sh;
			shellScript = "\"${PODS_ROOT}/Target Support Files/Pods-Stocks/Pods-Stocks-frameworks.sh\"\n";
			showEnvVarsInLog = 0;
		};
		93BDCDA9B48A1ECF74A86F01 /* [CP] Check Pods Manifest.lock */ = {
			isa = PBXShellScriptBuildPhase;
			buildActionMask = 2147483647;
			files = (
			);
			inputFileListPaths = (
			);
			inputPaths = (
				"${PODS_PODFILE_DIR_PATH}/Podfile.lock",
				"${PODS_ROOT}/Manifest.lock",
			);
			name = "[CP] Check Pods Manifest.lock";
			outputFileListPaths = (
			);
			outputPaths = (
				"$(DERIVED_FILE_DIR)/Pods-Stocks-checkManifestLockResult.txt",
			);
			runOnlyForDeploymentPostprocessing = 0;
			shellPath = /bin/sh;
			shellScript = "diff \"${PODS_PODFILE_DIR_PATH}/Podfile.lock\" \"${PODS_ROOT}/Manifest.lock\" > /dev/null\nif [ $? != 0 ] ; then\n    # print error to STDERR\n    echo \"error: The sandbox is not in sync with the Podfile.lock. Run 'pod install' or update your CocoaPods installation.\" >&2\n    exit 1\nfi\n# This output is used by Xcode 'outputs' to avoid re-running this script phase.\necho \"SUCCESS\" > \"${SCRIPT_OUTPUT_FILE_0}\"\n";
			showEnvVarsInLog = 0;
		};
/* End PBXShellScriptBuildPhase section */

/* Begin PBXSourcesBuildPhase section */
		270B006D293B7FF500E5EC34 /* Sources */ = {
			isa = PBXSourcesBuildPhase;
			buildActionMask = 2147483647;
			files = (
				270B0074293B7FF500E5EC34 /* StocksTests.swift in Sources */,
			);
			runOnlyForDeploymentPostprocessing = 0;
		};
		27A4DD08291E611900A0311B /* Sources */ = {
			isa = PBXSourcesBuildPhase;
			buildActionMask = 2147483647;
			files = (
				2734D0A52934FBCA0086FAA6 /* MarketDataResponse.swift in Sources */,
				27A4DD34291E6CC000A0311B /* HapticsManager.swift in Sources */,
				273E49C42938D775009600DB /* MetricCollectionViewCell.swift in Sources */,
				2785C292292906C400BB4287 /* SearchResultTableViewCell.swift in Sources */,
				27A4DD2E291E622100A0311B /* StockDetailsViewController.swift in Sources */,
				27A4DD14291E611900A0311B /* WatchListViewController.swift in Sources */,
				273E49C02938C8ED009600DB /* FinancialMetricsResponse.swift in Sources */,
				27A4DD29291E620000A0311B /* NewsViewController.swift in Sources */,
				27A4DD32291E6CB000A0311B /* PersistenceManager.swift in Sources */,
				27405B5E292FBB26008ED4A9 /* NewsStory.swift in Sources */,
				2741E22C2923E7F700E807BA /* Extensions.swift in Sources */,
				27545CEC293259FA00C4F41C /* NewsStoryTableViewCell.swift in Sources */,
				2734D0A92935143B0086FAA6 /* StockChartView.swift in Sources */,
				27A4DD30291E6C9900A0311B /* APICaller.swift in Sources */,
				2769C7D9292E3DF4001E340F /* SearchResponse.swift in Sources */,
				27405B5C292FA4B8008ED4A9 /* NewsHeaderView.swift in Sources */,
				27A4DD10291E611900A0311B /* AppDelegate.swift in Sources */,
				27A4DD12291E611900A0311B /* SceneDelegate.swift in Sources */,
				273E49C22938CBD2009600DB /* StockDetailHeaderView.swift in Sources */,
				2734D0A7293512D40086FAA6 /* WatchListTableViewCell.swift in Sources */,
				27A4DD2B291E620E00A0311B /* SearchResultsViewController.swift in Sources */,
			);
			runOnlyForDeploymentPostprocessing = 0;
		};
/* End PBXSourcesBuildPhase section */

/* Begin PBXTargetDependency section */
		270B0076293B7FF500E5EC34 /* PBXTargetDependency */ = {
			isa = PBXTargetDependency;
			target = 27A4DD0B291E611900A0311B /* Stocks */;
			targetProxy = 270B0075293B7FF500E5EC34 /* PBXContainerItemProxy */;
		};
/* End PBXTargetDependency section */

/* Begin PBXVariantGroup section */
		27A4DD1A291E611B00A0311B /* LaunchScreen.storyboard */ = {
			isa = PBXVariantGroup;
			children = (
				27A4DD1B291E611B00A0311B /* Base */,
			);
			name = LaunchScreen.storyboard;
			sourceTree = "<group>";
		};
/* End PBXVariantGroup section */

/* Begin XCBuildConfiguration section */
		270B0077293B7FF500E5EC34 /* Debug */ = {
			isa = XCBuildConfiguration;
			buildSettings = {
				BUNDLE_LOADER = "$(TEST_HOST)";
				CODE_SIGN_STYLE = Automatic;
				CURRENT_PROJECT_VERSION = 1;
				DEVELOPMENT_TEAM = C99F5F794K;
				GENERATE_INFOPLIST_FILE = YES;
				MARKETING_VERSION = 1.0;
				PRODUCT_BUNDLE_IDENTIFIER = Sherzod.StocksTests;
				PRODUCT_NAME = "$(TARGET_NAME)";
				SWIFT_EMIT_LOC_STRINGS = NO;
				SWIFT_VERSION = 5.0;
				TARGETED_DEVICE_FAMILY = "1,2";
				TEST_HOST = "$(BUILT_PRODUCTS_DIR)/Stocks.app/Stocks";
			};
			name = Debug;
		};
		270B0078293B7FF500E5EC34 /* Release */ = {
			isa = XCBuildConfiguration;
			buildSettings = {
				BUNDLE_LOADER = "$(TEST_HOST)";
				CODE_SIGN_STYLE = Automatic;
				CURRENT_PROJECT_VERSION = 1;
				DEVELOPMENT_TEAM = C99F5F794K;
				GENERATE_INFOPLIST_FILE = YES;
				MARKETING_VERSION = 1.0;
				PRODUCT_BUNDLE_IDENTIFIER = Sherzod.StocksTests;
				PRODUCT_NAME = "$(TARGET_NAME)";
				SWIFT_EMIT_LOC_STRINGS = NO;
				SWIFT_VERSION = 5.0;
				TARGETED_DEVICE_FAMILY = "1,2";
				TEST_HOST = "$(BUILT_PRODUCTS_DIR)/Stocks.app/Stocks";
			};
			name = Release;
		};
		27A4DD1E291E611B00A0311B /* Debug */ = {
			isa = XCBuildConfiguration;
			buildSettings = {
				ALWAYS_SEARCH_USER_PATHS = NO;
				CLANG_ANALYZER_NONNULL = YES;
				CLANG_ANALYZER_NUMBER_OBJECT_CONVERSION = YES_AGGRESSIVE;
				CLANG_CXX_LANGUAGE_STANDARD = "gnu++17";
				CLANG_ENABLE_MODULES = YES;
				CLANG_ENABLE_OBJC_ARC = YES;
				CLANG_ENABLE_OBJC_WEAK = YES;
				CLANG_WARN_BLOCK_CAPTURE_AUTORELEASING = YES;
				CLANG_WARN_BOOL_CONVERSION = YES;
				CLANG_WARN_COMMA = YES;
				CLANG_WARN_CONSTANT_CONVERSION = YES;
				CLANG_WARN_DEPRECATED_OBJC_IMPLEMENTATIONS = YES;
				CLANG_WARN_DIRECT_OBJC_ISA_USAGE = YES_ERROR;
				CLANG_WARN_DOCUMENTATION_COMMENTS = YES;
				CLANG_WARN_EMPTY_BODY = YES;
				CLANG_WARN_ENUM_CONVERSION = YES;
				CLANG_WARN_INFINITE_RECURSION = YES;
				CLANG_WARN_INT_CONVERSION = YES;
				CLANG_WARN_NON_LITERAL_NULL_CONVERSION = YES;
				CLANG_WARN_OBJC_IMPLICIT_RETAIN_SELF = YES;
				CLANG_WARN_OBJC_LITERAL_CONVERSION = YES;
				CLANG_WARN_OBJC_ROOT_CLASS = YES_ERROR;
				CLANG_WARN_QUOTED_INCLUDE_IN_FRAMEWORK_HEADER = YES;
				CLANG_WARN_RANGE_LOOP_ANALYSIS = YES;
				CLANG_WARN_STRICT_PROTOTYPES = YES;
				CLANG_WARN_SUSPICIOUS_MOVE = YES;
				CLANG_WARN_UNGUARDED_AVAILABILITY = YES_AGGRESSIVE;
				CLANG_WARN_UNREACHABLE_CODE = YES;
				CLANG_WARN__DUPLICATE_METHOD_MATCH = YES;
				COPY_PHASE_STRIP = NO;
				DEBUG_INFORMATION_FORMAT = dwarf;
				ENABLE_STRICT_OBJC_MSGSEND = YES;
				ENABLE_TESTABILITY = YES;
				GCC_C_LANGUAGE_STANDARD = gnu11;
				GCC_DYNAMIC_NO_PIC = NO;
				GCC_NO_COMMON_BLOCKS = YES;
				GCC_OPTIMIZATION_LEVEL = 0;
				GCC_PREPROCESSOR_DEFINITIONS = (
					"DEBUG=1",
					"$(inherited)",
				);
				GCC_WARN_64_TO_32_BIT_CONVERSION = YES;
				GCC_WARN_ABOUT_RETURN_TYPE = YES_ERROR;
				GCC_WARN_UNDECLARED_SELECTOR = YES;
				GCC_WARN_UNINITIALIZED_AUTOS = YES_AGGRESSIVE;
				GCC_WARN_UNUSED_FUNCTION = YES;
				GCC_WARN_UNUSED_VARIABLE = YES;
				IPHONEOS_DEPLOYMENT_TARGET = 15.5;
				MTL_ENABLE_DEBUG_INFO = INCLUDE_SOURCE;
				MTL_FAST_MATH = YES;
				ONLY_ACTIVE_ARCH = YES;
				SDKROOT = iphoneos;
				SWIFT_ACTIVE_COMPILATION_CONDITIONS = DEBUG;
				SWIFT_OPTIMIZATION_LEVEL = "-Onone";
			};
			name = Debug;
		};
		27A4DD1F291E611B00A0311B /* Release */ = {
			isa = XCBuildConfiguration;
			buildSettings = {
				ALWAYS_SEARCH_USER_PATHS = NO;
				CLANG_ANALYZER_NONNULL = YES;
				CLANG_ANALYZER_NUMBER_OBJECT_CONVERSION = YES_AGGRESSIVE;
				CLANG_CXX_LANGUAGE_STANDARD = "gnu++17";
				CLANG_ENABLE_MODULES = YES;
				CLANG_ENABLE_OBJC_ARC = YES;
				CLANG_ENABLE_OBJC_WEAK = YES;
				CLANG_WARN_BLOCK_CAPTURE_AUTORELEASING = YES;
				CLANG_WARN_BOOL_CONVERSION = YES;
				CLANG_WARN_COMMA = YES;
				CLANG_WARN_CONSTANT_CONVERSION = YES;
				CLANG_WARN_DEPRECATED_OBJC_IMPLEMENTATIONS = YES;
				CLANG_WARN_DIRECT_OBJC_ISA_USAGE = YES_ERROR;
				CLANG_WARN_DOCUMENTATION_COMMENTS = YES;
				CLANG_WARN_EMPTY_BODY = YES;
				CLANG_WARN_ENUM_CONVERSION = YES;
				CLANG_WARN_INFINITE_RECURSION = YES;
				CLANG_WARN_INT_CONVERSION = YES;
				CLANG_WARN_NON_LITERAL_NULL_CONVERSION = YES;
				CLANG_WARN_OBJC_IMPLICIT_RETAIN_SELF = YES;
				CLANG_WARN_OBJC_LITERAL_CONVERSION = YES;
				CLANG_WARN_OBJC_ROOT_CLASS = YES_ERROR;
				CLANG_WARN_QUOTED_INCLUDE_IN_FRAMEWORK_HEADER = YES;
				CLANG_WARN_RANGE_LOOP_ANALYSIS = YES;
				CLANG_WARN_STRICT_PROTOTYPES = YES;
				CLANG_WARN_SUSPICIOUS_MOVE = YES;
				CLANG_WARN_UNGUARDED_AVAILABILITY = YES_AGGRESSIVE;
				CLANG_WARN_UNREACHABLE_CODE = YES;
				CLANG_WARN__DUPLICATE_METHOD_MATCH = YES;
				COPY_PHASE_STRIP = NO;
				DEBUG_INFORMATION_FORMAT = "dwarf-with-dsym";
				ENABLE_NS_ASSERTIONS = NO;
				ENABLE_STRICT_OBJC_MSGSEND = YES;
				GCC_C_LANGUAGE_STANDARD = gnu11;
				GCC_NO_COMMON_BLOCKS = YES;
				GCC_WARN_64_TO_32_BIT_CONVERSION = YES;
				GCC_WARN_ABOUT_RETURN_TYPE = YES_ERROR;
				GCC_WARN_UNDECLARED_SELECTOR = YES;
				GCC_WARN_UNINITIALIZED_AUTOS = YES_AGGRESSIVE;
				GCC_WARN_UNUSED_FUNCTION = YES;
				GCC_WARN_UNUSED_VARIABLE = YES;
				IPHONEOS_DEPLOYMENT_TARGET = 15.5;
				MTL_ENABLE_DEBUG_INFO = NO;
				MTL_FAST_MATH = YES;
				SDKROOT = iphoneos;
				SWIFT_COMPILATION_MODE = wholemodule;
				SWIFT_OPTIMIZATION_LEVEL = "-O";
				VALIDATE_PRODUCT = YES;
			};
			name = Release;
		};
		27A4DD21291E611B00A0311B /* Debug */ = {
			isa = XCBuildConfiguration;
			baseConfigurationReference = 4D571869F89870B88D8EBD63 /* Pods-Stocks.debug.xcconfig */;
			buildSettings = {
				ASSETCATALOG_COMPILER_APPICON_NAME = AppIcon;
				ASSETCATALOG_COMPILER_GLOBAL_ACCENT_COLOR_NAME = AccentColor;
				CODE_SIGN_STYLE = Automatic;
				CURRENT_PROJECT_VERSION = 1;
				DEVELOPMENT_TEAM = C99F5F794K;
				GENERATE_INFOPLIST_FILE = YES;
				INFOPLIST_FILE = Stocks/Info.plist;
				INFOPLIST_KEY_UIApplicationSupportsIndirectInputEvents = YES;
				INFOPLIST_KEY_UILaunchStoryboardName = LaunchScreen;
				INFOPLIST_KEY_UISupportedInterfaceOrientations = UIInterfaceOrientationPortrait;
				INFOPLIST_KEY_UISupportedInterfaceOrientations_iPad = "UIInterfaceOrientationPortrait UIInterfaceOrientationPortraitUpsideDown UIInterfaceOrientationLandscapeLeft UIInterfaceOrientationLandscapeRight";
				INFOPLIST_KEY_UISupportedInterfaceOrientations_iPhone = "UIInterfaceOrientationPortrait UIInterfaceOrientationLandscapeLeft UIInterfaceOrientationLandscapeRight";
				IPHONEOS_DEPLOYMENT_TARGET = 13.0;
				LD_RUNPATH_SEARCH_PATHS = (
					"$(inherited)",
					"@executable_path/Frameworks",
				);
				MARKETING_VERSION = 1.0;
				PRODUCT_BUNDLE_IDENTIFIER = Sherzod.Stocks;
				PRODUCT_NAME = "$(TARGET_NAME)";
				SWIFT_EMIT_LOC_STRINGS = YES;
				SWIFT_VERSION = 5.0;
				TARGETED_DEVICE_FAMILY = 1;
			};
			name = Debug;
		};
		27A4DD22291E611B00A0311B /* Release */ = {
			isa = XCBuildConfiguration;
			baseConfigurationReference = 935998CA29584D57A22CF926 /* Pods-Stocks.release.xcconfig */;
			buildSettings = {
				ASSETCATALOG_COMPILER_APPICON_NAME = AppIcon;
				ASSETCATALOG_COMPILER_GLOBAL_ACCENT_COLOR_NAME = AccentColor;
				CODE_SIGN_STYLE = Automatic;
				CURRENT_PROJECT_VERSION = 1;
				DEVELOPMENT_TEAM = C99F5F794K;
				GENERATE_INFOPLIST_FILE = YES;
				INFOPLIST_FILE = Stocks/Info.plist;
				INFOPLIST_KEY_UIApplicationSupportsIndirectInputEvents = YES;
				INFOPLIST_KEY_UILaunchStoryboardName = LaunchScreen;
				INFOPLIST_KEY_UISupportedInterfaceOrientations = UIInterfaceOrientationPortrait;
				INFOPLIST_KEY_UISupportedInterfaceOrientations_iPad = "UIInterfaceOrientationPortrait UIInterfaceOrientationPortraitUpsideDown UIInterfaceOrientationLandscapeLeft UIInterfaceOrientationLandscapeRight";
				INFOPLIST_KEY_UISupportedInterfaceOrientations_iPhone = "UIInterfaceOrientationPortrait UIInterfaceOrientationLandscapeLeft UIInterfaceOrientationLandscapeRight";
				IPHONEOS_DEPLOYMENT_TARGET = 13.0;
				LD_RUNPATH_SEARCH_PATHS = (
					"$(inherited)",
					"@executable_path/Frameworks",
				);
				MARKETING_VERSION = 1.0;
				PRODUCT_BUNDLE_IDENTIFIER = Sherzod.Stocks;
				PRODUCT_NAME = "$(TARGET_NAME)";
				SWIFT_EMIT_LOC_STRINGS = YES;
				SWIFT_VERSION = 5.0;
				TARGETED_DEVICE_FAMILY = 1;
			};
			name = Release;
		};
/* End XCBuildConfiguration section */

/* Begin XCConfigurationList section */
		270B0079293B7FF500E5EC34 /* Build configuration list for PBXNativeTarget "StocksTests" */ = {
			isa = XCConfigurationList;
			buildConfigurations = (
				270B0077293B7FF500E5EC34 /* Debug */,
				270B0078293B7FF500E5EC34 /* Release */,
			);
			defaultConfigurationIsVisible = 0;
			defaultConfigurationName = Release;
		};
		27A4DD07291E611900A0311B /* Build configuration list for PBXProject "Stocks" */ = {
			isa = XCConfigurationList;
			buildConfigurations = (
				27A4DD1E291E611B00A0311B /* Debug */,
				27A4DD1F291E611B00A0311B /* Release */,
			);
			defaultConfigurationIsVisible = 0;
			defaultConfigurationName = Release;
		};
		27A4DD20291E611B00A0311B /* Build configuration list for PBXNativeTarget "Stocks" */ = {
			isa = XCConfigurationList;
			buildConfigurations = (
				27A4DD21291E611B00A0311B /* Debug */,
				27A4DD22291E611B00A0311B /* Release */,
			);
			defaultConfigurationIsVisible = 0;
			defaultConfigurationName = Release;
		};
/* End XCConfigurationList section */
	};
	rootObject = 27A4DD04291E611900A0311B /* Project object */;
}
